
Microsoft Visual Studio Solution File, Format Version 12.00
# Visual Studio Version 17
VisualStudioVersion = 17.4.33205.214
MinimumVisualStudioVersion = 10.0.40219.1
Project("{9A19103F-16F7-4668-BE54-9A1E7A4F7556}") = "Sprachfeatures", "Sprachfeatures\Sprachfeatures.csproj", "{252B2E1D-DFB6-4C8F-83F3-8C52CC69834A}"
EndProject
Project("{9A19103F-16F7-4668-BE54-9A1E7A4F7556}") = "TopLevelStatement", "TopLevelStatement\TopLevelStatement.csproj", "{9545557B-A42E-4903-89AE-20B05A06AD51}"
EndProject
Project("{9A19103F-16F7-4668-BE54-9A1E7A4F7556}") = "DelegatesEvents", "DelegatesEvents\DelegatesEvents.csproj", "{09D3E14A-60F5-490F-9320-FBE1250FBB69}"
EndProject
Project("{9A19103F-16F7-4668-BE54-9A1E7A4F7556}") = "Generics", "Generics\Generics.csproj", "{6471B0E8-45B4-47CB-976F-AEBA65F6ECDE}"
EndProject
Project("{FAE04EC0-301F-11D3-BF4B-00C04F79EFBC}") = "Serialisierung", "Serialisierung\Serialisierung.csproj", "{C921BC72-8E9A-424D-8A88-60833947ADCE}"
EndProject
Project("{FAE04EC0-301F-11D3-BF4B-00C04F79EFBC}") = "Multithreading", "Multithreading\Multithreading.csproj", "{C24565A7-058B-454A-B925-7EB4CB6DBA04}"
EndProject
Global
	GlobalSection(SolutionConfigurationPlatforms) = preSolution
		Debug|Any CPU = Debug|Any CPU
		Release|Any CPU = Release|Any CPU
	EndGlobalSection
	GlobalSection(ProjectConfigurationPlatforms) = postSolution
		{252B2E1D-DFB6-4C8F-83F3-8C52CC69834A}.Debug|Any CPU.ActiveCfg = Debug|Any CPU
		{252B2E1D-DFB6-4C8F-83F3-8C52CC69834A}.Debug|Any CPU.Build.0 = Debug|Any CPU
		{252B2E1D-DFB6-4C8F-83F3-8C52CC69834A}.Release|Any CPU.ActiveCfg = Release|Any CPU
		{252B2E1D-DFB6-4C8F-83F3-8C52CC69834A}.Release|Any CPU.Build.0 = Release|Any CPU
		{9545557B-A42E-4903-89AE-20B05A06AD51}.Debug|Any CPU.ActiveCfg = Debug|Any CPU
		{9545557B-A42E-4903-89AE-20B05A06AD51}.Debug|Any CPU.Build.0 = Debug|Any CPU
		{9545557B-A42E-4903-89AE-20B05A06AD51}.Release|Any CPU.ActiveCfg = Release|Any CPU
		{9545557B-A42E-4903-89AE-20B05A06AD51}.Release|Any CPU.Build.0 = Release|Any CPU
		{09D3E14A-60F5-490F-9320-FBE1250FBB69}.Debug|Any CPU.ActiveCfg = Debug|Any CPU
		{09D3E14A-60F5-490F-9320-FBE1250FBB69}.Debug|Any CPU.Build.0 = Debug|Any CPU
		{09D3E14A-60F5-490F-9320-FBE1250FBB69}.Release|Any CPU.ActiveCfg = Release|Any CPU
		{09D3E14A-60F5-490F-9320-FBE1250FBB69}.Release|Any CPU.Build.0 = Release|Any CPU
		{6471B0E8-45B4-47CB-976F-AEBA65F6ECDE}.Debug|Any CPU.ActiveCfg = Debug|Any CPU
		{6471B0E8-45B4-47CB-976F-AEBA65F6ECDE}.Debug|Any CPU.Build.0 = Debug|Any CPU
		{6471B0E8-45B4-47CB-976F-AEBA65F6ECDE}.Release|Any CPU.ActiveCfg = Release|Any CPU
		{6471B0E8-45B4-47CB-976F-AEBA65F6ECDE}.Release|Any CPU.Build.0 = Release|Any CPU
		{C921BC72-8E9A-424D-8A88-60833947ADCE}.Debug|Any CPU.ActiveCfg = Debug|Any CPU
		{C921BC72-8E9A-424D-8A88-60833947ADCE}.Debug|Any CPU.Build.0 = Debug|Any CPU
		{C921BC72-8E9A-424D-8A88-60833947ADCE}.Release|Any CPU.ActiveCfg = Release|Any CPU
		{C921BC72-8E9A-424D-8A88-60833947ADCE}.Release|Any CPU.Build.0 = Release|Any CPU
		{C24565A7-058B-454A-B925-7EB4CB6DBA04}.Debug|Any CPU.ActiveCfg = Debug|Any CPU
		{C24565A7-058B-454A-B925-7EB4CB6DBA04}.Debug|Any CPU.Build.0 = Debug|Any CPU
		{C24565A7-058B-454A-B925-7EB4CB6DBA04}.Release|Any CPU.ActiveCfg = Release|Any CPU
		{C24565A7-058B-454A-B925-7EB4CB6DBA04}.Release|Any CPU.Build.0 = Release|Any CPU
	EndGlobalSection
	GlobalSection(SolutionProperties) = preSolution
		HideSolutionNode = FALSE
	EndGlobalSection
	GlobalSection(ExtensibilityGlobals) = postSolution
		SolutionGuid = {A827B9C0-82E9-4C31-AAD7-F4AFA5AD1688}
	EndGlobalSection
EndGlobal
